// !$*UTF8*$!
{
	archiveVersion = 1;
	classes = {
	};
	objectVersion = 51;
	objects = {

/* Begin PBXBuildFile section */
		390AC7D97831A9BAD20BB014 /* Pods_Firebase_app_Firebase_appUITests.framework in Frameworks */ = {isa = PBXBuildFile; fileRef = DFB2FA978CED60EEE4173151 /* Pods_Firebase_app_Firebase_appUITests.framework */; };
		977E30225A95C5B88B1B263B /* Pods_Firebase_app.framework in Frameworks */ = {isa = PBXBuildFile; fileRef = 1A67F72C2453CCD2EB3C6678 /* Pods_Firebase_app.framework */; };
		980FDF8B265E116900745BC9 /* AppDelegate.swift in Sources */ = {isa = PBXBuildFile; fileRef = 980FDF8A265E116900745BC9 /* AppDelegate.swift */; };
		980FDF8D265E116900745BC9 /* SceneDelegate.swift in Sources */ = {isa = PBXBuildFile; fileRef = 980FDF8C265E116900745BC9 /* SceneDelegate.swift */; };
		980FDF8F265E116900745BC9 /* ContentView.swift in Sources */ = {isa = PBXBuildFile; fileRef = 980FDF8E265E116900745BC9 /* ContentView.swift */; };
		980FDF91265E116E00745BC9 /* Assets.xcassets in Resources */ = {isa = PBXBuildFile; fileRef = 980FDF90265E116E00745BC9 /* Assets.xcassets */; };
		980FDF94265E116E00745BC9 /* Preview Assets.xcassets in Resources */ = {isa = PBXBuildFile; fileRef = 980FDF93265E116E00745BC9 /* Preview Assets.xcassets */; };
		980FDF97265E116E00745BC9 /* LaunchScreen.storyboard in Resources */ = {isa = PBXBuildFile; fileRef = 980FDF95265E116E00745BC9 /* LaunchScreen.storyboard */; };
		980FDFA2265E116E00745BC9 /* Firebase_appTests.swift in Sources */ = {isa = PBXBuildFile; fileRef = 980FDFA1265E116E00745BC9 /* Firebase_appTests.swift */; };
		980FDFAD265E116E00745BC9 /* Firebase_appUITests.swift in Sources */ = {isa = PBXBuildFile; fileRef = 980FDFAC265E116E00745BC9 /* Firebase_appUITests.swift */; };
		980FDFBB265E11AA00745BC9 /* GoogleService-Info.plist in Resources */ = {isa = PBXBuildFile; fileRef = 980FDFBA265E11A900745BC9 /* GoogleService-Info.plist */; };
		983326AD2679D0DB0012254F /* ImagePicker.swift in Sources */ = {isa = PBXBuildFile; fileRef = 983326AC2679D0DB0012254F /* ImagePicker.swift */; };
		983326AF2679D0E70012254F /* Model.swift in Sources */ = {isa = PBXBuildFile; fileRef = 983326AE2679D0E70012254F /* Model.swift */; };
		983326B22679D0F10012254F /* FloatingTextField.swift in Sources */ = {isa = PBXBuildFile; fileRef = 983326B02679D0F10012254F /* FloatingTextField.swift */; };
		983326B32679D0F10012254F /* FloatingSecureField.swift in Sources */ = {isa = PBXBuildFile; fileRef = 983326B12679D0F10012254F /* FloatingSecureField.swift */; };
		98532C20267089ED00A1D16D /* CardView.swift in Sources */ = {isa = PBXBuildFile; fileRef = 98532C1F267089ED00A1D16D /* CardView.swift */; };
		98532C2226708A0100A1D16D /* ProfileView.swift in Sources */ = {isa = PBXBuildFile; fileRef = 98532C2126708A0100A1D16D /* ProfileView.swift */; };
		98532C2426708A2A00A1D16D /* Source.swift in Sources */ = {isa = PBXBuildFile; fileRef = 98532C2326708A2A00A1D16D /* Source.swift */; };
		985BE1E1265E2063003D8CDE /* LabelledDivider.swift in Sources */ = {isa = PBXBuildFile; fileRef = 985BE1E0265E2063003D8CDE /* LabelledDivider.swift */; };
		98885B4B265EA8C900D9BEF9 /* ViewModel.swift in Sources */ = {isa = PBXBuildFile; fileRef = 98885B4A265EA8C900D9BEF9 /* ViewModel.swift */; };
		98BDDFD3267750BE0051C762 /* AddNewNote.swift in Sources */ = {isa = PBXBuildFile; fileRef = 98BDDFD2267750BE0051C762 /* AddNewNote.swift */; };
		98C936FC265E78F100D75968 /* ViewController.swift in Sources */ = {isa = PBXBuildFile; fileRef = 98C936FB265E78F100D75968 /* ViewController.swift */; };
		98C936FE265E849500D75968 /* OldCard.swift in Sources */ = {isa = PBXBuildFile; fileRef = 98C936FD265E849500D75968 /* OldCard.swift */; };
		A2880B146ACF2BF2FF7D5DE1 /* Pods_Firebase_appTests.framework in Frameworks */ = {isa = PBXBuildFile; fileRef = 35573B235AEDF682E7061BE7 /* Pods_Firebase_appTests.framework */; };
/* End PBXBuildFile section */

/* Begin PBXContainerItemProxy section */
		980FDF9E265E116E00745BC9 /* PBXContainerItemProxy */ = {
			isa = PBXContainerItemProxy;
			containerPortal = 980FDF7F265E116900745BC9 /* Project object */;
			proxyType = 1;
			remoteGlobalIDString = 980FDF86265E116900745BC9;
			remoteInfo = "Firebase app";
		};
		980FDFA9265E116E00745BC9 /* PBXContainerItemProxy */ = {
			isa = PBXContainerItemProxy;
			containerPortal = 980FDF7F265E116900745BC9 /* Project object */;
			proxyType = 1;
			remoteGlobalIDString = 980FDF86265E116900745BC9;
			remoteInfo = "Firebase app";
		};
/* End PBXContainerItemProxy section */

/* Begin PBXFileReference section */
		1A67F72C2453CCD2EB3C6678 /* Pods_Firebase_app.framework */ = {isa = PBXFileReference; explicitFileType = wrapper.framework; includeInIndex = 0; path = Pods_Firebase_app.framework; sourceTree = BUILT_PRODUCTS_DIR; };
		1EF0650FDA28051A6CCDA3D8 /* Pods-Firebase app-Firebase appUITests.release.xcconfig */ = {isa = PBXFileReference; includeInIndex = 1; lastKnownFileType = text.xcconfig; name = "Pods-Firebase app-Firebase appUITests.release.xcconfig"; path = "Target Support Files/Pods-Firebase app-Firebase appUITests/Pods-Firebase app-Firebase appUITests.release.xcconfig"; sourceTree = "<group>"; };
		33266A58779564A570F0ECAA /* Pods-Firebase app.debug.xcconfig */ = {isa = PBXFileReference; includeInIndex = 1; lastKnownFileType = text.xcconfig; name = "Pods-Firebase app.debug.xcconfig"; path = "Target Support Files/Pods-Firebase app/Pods-Firebase app.debug.xcconfig"; sourceTree = "<group>"; };
		35573B235AEDF682E7061BE7 /* Pods_Firebase_appTests.framework */ = {isa = PBXFileReference; explicitFileType = wrapper.framework; includeInIndex = 0; path = Pods_Firebase_appTests.framework; sourceTree = BUILT_PRODUCTS_DIR; };
		4D7DBE062BDB945596BB146F /* Pods-Firebase app-Firebase appUITests.debug.xcconfig */ = {isa = PBXFileReference; includeInIndex = 1; lastKnownFileType = text.xcconfig; name = "Pods-Firebase app-Firebase appUITests.debug.xcconfig"; path = "Target Support Files/Pods-Firebase app-Firebase appUITests/Pods-Firebase app-Firebase appUITests.debug.xcconfig"; sourceTree = "<group>"; };
		58104A3024D3C521CC761CB1 /* Pods-Firebase appTests.debug.xcconfig */ = {isa = PBXFileReference; includeInIndex = 1; lastKnownFileType = text.xcconfig; name = "Pods-Firebase appTests.debug.xcconfig"; path = "Target Support Files/Pods-Firebase appTests/Pods-Firebase appTests.debug.xcconfig"; sourceTree = "<group>"; };
		6660541819983172D221F52F /* Pods-Firebase appTests.release.xcconfig */ = {isa = PBXFileReference; includeInIndex = 1; lastKnownFileType = text.xcconfig; name = "Pods-Firebase appTests.release.xcconfig"; path = "Target Support Files/Pods-Firebase appTests/Pods-Firebase appTests.release.xcconfig"; sourceTree = "<group>"; };
		7946BB02DBC34DEAC598F822 /* Pods-Firebase app.release.xcconfig */ = {isa = PBXFileReference; includeInIndex = 1; lastKnownFileType = text.xcconfig; name = "Pods-Firebase app.release.xcconfig"; path = "Target Support Files/Pods-Firebase app/Pods-Firebase app.release.xcconfig"; sourceTree = "<group>"; };
		980FDF87265E116900745BC9 /* Firebase app.app */ = {isa = PBXFileReference; explicitFileType = wrapper.application; includeInIndex = 0; path = "Firebase app.app"; sourceTree = BUILT_PRODUCTS_DIR; };
		980FDF8A265E116900745BC9 /* AppDelegate.swift */ = {isa = PBXFileReference; lastKnownFileType = sourcecode.swift; path = AppDelegate.swift; sourceTree = "<group>"; };
		980FDF8C265E116900745BC9 /* SceneDelegate.swift */ = {isa = PBXFileReference; lastKnownFileType = sourcecode.swift; path = SceneDelegate.swift; sourceTree = "<group>"; };
		980FDF8E265E116900745BC9 /* ContentView.swift */ = {isa = PBXFileReference; lastKnownFileType = sourcecode.swift; path = ContentView.swift; sourceTree = "<group>"; };
		980FDF90265E116E00745BC9 /* Assets.xcassets */ = {isa = PBXFileReference; lastKnownFileType = folder.assetcatalog; path = Assets.xcassets; sourceTree = "<group>"; };
		980FDF93265E116E00745BC9 /* Preview Assets.xcassets */ = {isa = PBXFileReference; lastKnownFileType = folder.assetcatalog; path = "Preview Assets.xcassets"; sourceTree = "<group>"; };
		980FDF96265E116E00745BC9 /* Base */ = {isa = PBXFileReference; lastKnownFileType = file.storyboard; name = Base; path = Base.lproj/LaunchScreen.storyboard; sourceTree = "<group>"; };
		980FDF98265E116E00745BC9 /* Info.plist */ = {isa = PBXFileReference; lastKnownFileType = text.plist.xml; path = Info.plist; sourceTree = "<group>"; };
		980FDF9D265E116E00745BC9 /* Firebase appTests.xctest */ = {isa = PBXFileReference; explicitFileType = wrapper.cfbundle; includeInIndex = 0; path = "Firebase appTests.xctest"; sourceTree = BUILT_PRODUCTS_DIR; };
		980FDFA1265E116E00745BC9 /* Firebase_appTests.swift */ = {isa = PBXFileReference; lastKnownFileType = sourcecode.swift; path = Firebase_appTests.swift; sourceTree = "<group>"; };
		980FDFA3265E116E00745BC9 /* Info.plist */ = {isa = PBXFileReference; lastKnownFileType = text.plist.xml; path = Info.plist; sourceTree = "<group>"; };
		980FDFA8265E116E00745BC9 /* Firebase appUITests.xctest */ = {isa = PBXFileReference; explicitFileType = wrapper.cfbundle; includeInIndex = 0; path = "Firebase appUITests.xctest"; sourceTree = BUILT_PRODUCTS_DIR; };
		980FDFAC265E116E00745BC9 /* Firebase_appUITests.swift */ = {isa = PBXFileReference; lastKnownFileType = sourcecode.swift; path = Firebase_appUITests.swift; sourceTree = "<group>"; };
		980FDFAE265E116E00745BC9 /* Info.plist */ = {isa = PBXFileReference; lastKnownFileType = text.plist.xml; path = Info.plist; sourceTree = "<group>"; };
		980FDFBA265E11A900745BC9 /* GoogleService-Info.plist */ = {isa = PBXFileReference; fileEncoding = 4; lastKnownFileType = text.plist.xml; path = "GoogleService-Info.plist"; sourceTree = "<group>"; };
		983326AC2679D0DB0012254F /* ImagePicker.swift */ = {isa = PBXFileReference; fileEncoding = 4; lastKnownFileType = sourcecode.swift; path = ImagePicker.swift; sourceTree = "<group>"; };
		983326AE2679D0E70012254F /* Model.swift */ = {isa = PBXFileReference; fileEncoding = 4; lastKnownFileType = sourcecode.swift; path = Model.swift; sourceTree = "<group>"; };
		983326B02679D0F10012254F /* FloatingTextField.swift */ = {isa = PBXFileReference; fileEncoding = 4; lastKnownFileType = sourcecode.swift; path = FloatingTextField.swift; sourceTree = "<group>"; };
		983326B12679D0F10012254F /* FloatingSecureField.swift */ = {isa = PBXFileReference; fileEncoding = 4; lastKnownFileType = sourcecode.swift; path = FloatingSecureField.swift; sourceTree = "<group>"; };
		98532C1F267089ED00A1D16D /* CardView.swift */ = {isa = PBXFileReference; fileEncoding = 4; lastKnownFileType = sourcecode.swift; path = CardView.swift; sourceTree = "<group>"; };
		98532C2126708A0100A1D16D /* ProfileView.swift */ = {isa = PBXFileReference; fileEncoding = 4; lastKnownFileType = sourcecode.swift; path = ProfileView.swift; sourceTree = "<group>"; };
		98532C2326708A2A00A1D16D /* Source.swift */ = {isa = PBXFileReference; fileEncoding = 4; lastKnownFileType = sourcecode.swift; path = Source.swift; sourceTree = "<group>"; };
		985BE1E0265E2063003D8CDE /* LabelledDivider.swift */ = {isa = PBXFileReference; lastKnownFileType = sourcecode.swift; path = LabelledDivider.swift; sourceTree = "<group>"; };
		98885B4A265EA8C900D9BEF9 /* ViewModel.swift */ = {isa = PBXFileReference; lastKnownFileType = sourcecode.swift; path = ViewModel.swift; sourceTree = "<group>"; };
		98BDDFD2267750BE0051C762 /* AddNewNote.swift */ = {isa = PBXFileReference; lastKnownFileType = sourcecode.swift; path = AddNewNote.swift; sourceTree = "<group>"; };
		98C936FB265E78F100D75968 /* ViewController.swift */ = {isa = PBXFileReference; lastKnownFileType = sourcecode.swift; path = ViewController.swift; sourceTree = "<group>"; };
		98C936FD265E849500D75968 /* OldCard.swift */ = {isa = PBXFileReference; lastKnownFileType = sourcecode.swift; path = OldCard.swift; sourceTree = "<group>"; };
		DFB2FA978CED60EEE4173151 /* Pods_Firebase_app_Firebase_appUITests.framework */ = {isa = PBXFileReference; explicitFileType = wrapper.framework; includeInIndex = 0; path = Pods_Firebase_app_Firebase_appUITests.framework; sourceTree = BUILT_PRODUCTS_DIR; };
/* End PBXFileReference section */

/* Begin PBXFrameworksBuildPhase section */
		980FDF84265E116900745BC9 /* Frameworks */ = {
			isa = PBXFrameworksBuildPhase;
			buildActionMask = 2147483647;
			files = (
				977E30225A95C5B88B1B263B /* Pods_Firebase_app.framework in Frameworks */,
			);
			runOnlyForDeploymentPostprocessing = 0;
		};
		980FDF9A265E116E00745BC9 /* Frameworks */ = {
			isa = PBXFrameworksBuildPhase;
			buildActionMask = 2147483647;
			files = (
				A2880B146ACF2BF2FF7D5DE1 /* Pods_Firebase_appTests.framework in Frameworks */,
			);
			runOnlyForDeploymentPostprocessing = 0;
		};
		980FDFA5265E116E00745BC9 /* Frameworks */ = {
			isa = PBXFrameworksBuildPhase;
			buildActionMask = 2147483647;
			files = (
				390AC7D97831A9BAD20BB014 /* Pods_Firebase_app_Firebase_appUITests.framework in Frameworks */,
			);
			runOnlyForDeploymentPostprocessing = 0;
		};
/* End PBXFrameworksBuildPhase section */

/* Begin PBXGroup section */
		980FDF7E265E116900745BC9 = {
			isa = PBXGroup;
			children = (
				980FDF89265E116900745BC9 /* Firebase app */,
				980FDFA0265E116E00745BC9 /* Firebase appTests */,
				980FDFAB265E116E00745BC9 /* Firebase appUITests */,
				980FDF88265E116900745BC9 /* Products */,
				A09C1DBA52BBACD310E6C780 /* Pods */,
				C19F0670604B1A938C07A0DD /* Frameworks */,
			);
			sourceTree = "<group>";
		};
		980FDF88265E116900745BC9 /* Products */ = {
			isa = PBXGroup;
			children = (
				980FDF87265E116900745BC9 /* Firebase app.app */,
				980FDF9D265E116E00745BC9 /* Firebase appTests.xctest */,
				980FDFA8265E116E00745BC9 /* Firebase appUITests.xctest */,
			);
			name = Products;
			sourceTree = "<group>";
		};
		980FDF89265E116900745BC9 /* Firebase app */ = {
			isa = PBXGroup;
			children = (
				980FDFBA265E11A900745BC9 /* GoogleService-Info.plist */,
				980FDF8A265E116900745BC9 /* AppDelegate.swift */,
				980FDF8C265E116900745BC9 /* SceneDelegate.swift */,
				980FDF8E265E116900745BC9 /* ContentView.swift */,
				980FDF90265E116E00745BC9 /* Assets.xcassets */,
				980FDF95265E116E00745BC9 /* LaunchScreen.storyboard */,
				98532C1F267089ED00A1D16D /* CardView.swift */,
				98532C2326708A2A00A1D16D /* Source.swift */,
				98532C2126708A0100A1D16D /* ProfileView.swift */,
				980FDF98265E116E00745BC9 /* Info.plist */,
				980FDF92265E116E00745BC9 /* Preview Content */,
				985BE1E0265E2063003D8CDE /* LabelledDivider.swift */,
				983326B12679D0F10012254F /* FloatingSecureField.swift */,
				983326B02679D0F10012254F /* FloatingTextField.swift */,
				983326AE2679D0E70012254F /* Model.swift */,
				98C936FB265E78F100D75968 /* ViewController.swift */,
				983326AC2679D0DB0012254F /* ImagePicker.swift */,
				98C936FD265E849500D75968 /* OldCard.swift */,
				98885B4A265EA8C900D9BEF9 /* ViewModel.swift */,
				98BDDFD2267750BE0051C762 /* AddNewNote.swift */,
			);
			path = "Firebase app";
			sourceTree = "<group>";
		};
		980FDF92265E116E00745BC9 /* Preview Content */ = {
			isa = PBXGroup;
			children = (
				980FDF93265E116E00745BC9 /* Preview Assets.xcassets */,
			);
			path = "Preview Content";
			sourceTree = "<group>";
		};
		980FDFA0265E116E00745BC9 /* Firebase appTests */ = {
			isa = PBXGroup;
			children = (
				980FDFA1265E116E00745BC9 /* Firebase_appTests.swift */,
				980FDFA3265E116E00745BC9 /* Info.plist */,
			);
			path = "Firebase appTests";
			sourceTree = "<group>";
		};
		980FDFAB265E116E00745BC9 /* Firebase appUITests */ = {
			isa = PBXGroup;
			children = (
				980FDFAC265E116E00745BC9 /* Firebase_appUITests.swift */,
				980FDFAE265E116E00745BC9 /* Info.plist */,
			);
			path = "Firebase appUITests";
			sourceTree = "<group>";
		};
		A09C1DBA52BBACD310E6C780 /* Pods */ = {
			isa = PBXGroup;
			children = (
				33266A58779564A570F0ECAA /* Pods-Firebase app.debug.xcconfig */,
				7946BB02DBC34DEAC598F822 /* Pods-Firebase app.release.xcconfig */,
				4D7DBE062BDB945596BB146F /* Pods-Firebase app-Firebase appUITests.debug.xcconfig */,
				1EF0650FDA28051A6CCDA3D8 /* Pods-Firebase app-Firebase appUITests.release.xcconfig */,
				58104A3024D3C521CC761CB1 /* Pods-Firebase appTests.debug.xcconfig */,
				6660541819983172D221F52F /* Pods-Firebase appTests.release.xcconfig */,
			);
			path = Pods;
			sourceTree = "<group>";
		};
		C19F0670604B1A938C07A0DD /* Frameworks */ = {
			isa = PBXGroup;
			children = (
				1A67F72C2453CCD2EB3C6678 /* Pods_Firebase_app.framework */,
				DFB2FA978CED60EEE4173151 /* Pods_Firebase_app_Firebase_appUITests.framework */,
				35573B235AEDF682E7061BE7 /* Pods_Firebase_appTests.framework */,
			);
			name = Frameworks;
			sourceTree = "<group>";
		};
/* End PBXGroup section */

/* Begin PBXNativeTarget section */
		980FDF86265E116900745BC9 /* Firebase app */ = {
			isa = PBXNativeTarget;
			buildConfigurationList = 980FDFB1265E116E00745BC9 /* Build configuration list for PBXNativeTarget "Firebase app" */;
			buildPhases = (
				61B78C34AC56D7EDE0DFAB5C /* [CP] Check Pods Manifest.lock */,
				980FDF83265E116900745BC9 /* Sources */,
				980FDF84265E116900745BC9 /* Frameworks */,
				980FDF85265E116900745BC9 /* Resources */,
				7CA3F8F7C74477558A12371C /* [CP] Embed Pods Frameworks */,
			);
			buildRules = (
			);
			dependencies = (
			);
			name = "Firebase app";
			productName = "Firebase app";
			productReference = 980FDF87265E116900745BC9 /* Firebase app.app */;
			productType = "com.apple.product-type.application";
		};
		980FDF9C265E116E00745BC9 /* Firebase appTests */ = {
			isa = PBXNativeTarget;
			buildConfigurationList = 980FDFB4265E116E00745BC9 /* Build configuration list for PBXNativeTarget "Firebase appTests" */;
			buildPhases = (
				A3A85C1D405A7F6558608496 /* [CP] Check Pods Manifest.lock */,
				980FDF99265E116E00745BC9 /* Sources */,
				980FDF9A265E116E00745BC9 /* Frameworks */,
				980FDF9B265E116E00745BC9 /* Resources */,
			);
			buildRules = (
			);
			dependencies = (
				980FDF9F265E116E00745BC9 /* PBXTargetDependency */,
			);
			name = "Firebase appTests";
			productName = "Firebase appTests";
			productReference = 980FDF9D265E116E00745BC9 /* Firebase appTests.xctest */;
			productType = "com.apple.product-type.bundle.unit-test";
		};
		980FDFA7265E116E00745BC9 /* Firebase appUITests */ = {
			isa = PBXNativeTarget;
			buildConfigurationList = 980FDFB7265E116E00745BC9 /* Build configuration list for PBXNativeTarget "Firebase appUITests" */;
			buildPhases = (
				F07E94B09F6030DD24EBCF93 /* [CP] Check Pods Manifest.lock */,
				980FDFA4265E116E00745BC9 /* Sources */,
				980FDFA5265E116E00745BC9 /* Frameworks */,
				980FDFA6265E116E00745BC9 /* Resources */,
				73ADBB9E01464EFC2ACDB0A7 /* [CP] Embed Pods Frameworks */,
			);
			buildRules = (
			);
			dependencies = (
				980FDFAA265E116E00745BC9 /* PBXTargetDependency */,
			);
			name = "Firebase appUITests";
			productName = "Firebase appUITests";
			productReference = 980FDFA8265E116E00745BC9 /* Firebase appUITests.xctest */;
			productType = "com.apple.product-type.bundle.ui-testing";
		};
/* End PBXNativeTarget section */

/* Begin PBXProject section */
		980FDF7F265E116900745BC9 /* Project object */ = {
			isa = PBXProject;
			attributes = {
				LastSwiftUpdateCheck = 1250;
				LastUpgradeCheck = 1250;
				TargetAttributes = {
					980FDF86265E116900745BC9 = {
						CreatedOnToolsVersion = 12.5;
					};
					980FDF9C265E116E00745BC9 = {
						CreatedOnToolsVersion = 12.5;
						TestTargetID = 980FDF86265E116900745BC9;
					};
					980FDFA7265E116E00745BC9 = {
						CreatedOnToolsVersion = 12.5;
						TestTargetID = 980FDF86265E116900745BC9;
					};
				};
			};
			buildConfigurationList = 980FDF82265E116900745BC9 /* Build configuration list for PBXProject "Firebase app" */;
			compatibilityVersion = "Xcode 9.3";
			developmentRegion = en;
			hasScannedForEncodings = 0;
			knownRegions = (
				en,
				Base,
			);
			mainGroup = 980FDF7E265E116900745BC9;
			productRefGroup = 980FDF88265E116900745BC9 /* Products */;
			projectDirPath = "";
			projectRoot = "";
			targets = (
				980FDF86265E116900745BC9 /* Firebase app */,
				980FDF9C265E116E00745BC9 /* Firebase appTests */,
				980FDFA7265E116E00745BC9 /* Firebase appUITests */,
			);
		};
/* End PBXProject section */

/* Begin PBXResourcesBuildPhase section */
		980FDF85265E116900745BC9 /* Resources */ = {
			isa = PBXResourcesBuildPhase;
			buildActionMask = 2147483647;
			files = (
				980FDF97265E116E00745BC9 /* LaunchScreen.storyboard in Resources */,
				980FDFBB265E11AA00745BC9 /* GoogleService-Info.plist in Resources */,
				980FDF94265E116E00745BC9 /* Preview Assets.xcassets in Resources */,
				980FDF91265E116E00745BC9 /* Assets.xcassets in Resources */,
			);
			runOnlyForDeploymentPostprocessing = 0;
		};
		980FDF9B265E116E00745BC9 /* Resources */ = {
			isa = PBXResourcesBuildPhase;
			buildActionMask = 2147483647;
			files = (
			);
			runOnlyForDeploymentPostprocessing = 0;
		};
		980FDFA6265E116E00745BC9 /* Resources */ = {
			isa = PBXResourcesBuildPhase;
			buildActionMask = 2147483647;
			files = (
			);
			runOnlyForDeploymentPostprocessing = 0;
		};
/* End PBXResourcesBuildPhase section */

/* Begin PBXShellScriptBuildPhase section */
		61B78C34AC56D7EDE0DFAB5C /* [CP] Check Pods Manifest.lock */ = {
			isa = PBXShellScriptBuildPhase;
			buildActionMask = 2147483647;
			files = (
			);
			inputFileListPaths = (
			);
			inputPaths = (
				"${PODS_PODFILE_DIR_PATH}/Podfile.lock",
				"${PODS_ROOT}/Manifest.lock",
			);
			name = "[CP] Check Pods Manifest.lock";
			outputFileListPaths = (
			);
			outputPaths = (
				"$(DERIVED_FILE_DIR)/Pods-Firebase app-checkManifestLockResult.txt",
			);
			runOnlyForDeploymentPostprocessing = 0;
			shellPath = /bin/sh;
			shellScript = "diff \"${PODS_PODFILE_DIR_PATH}/Podfile.lock\" \"${PODS_ROOT}/Manifest.lock\" > /dev/null\nif [ $? != 0 ] ; then\n    # print error to STDERR\n    echo \"error: The sandbox is not in sync with the Podfile.lock. Run 'pod install' or update your CocoaPods installation.\" >&2\n    exit 1\nfi\n# This output is used by Xcode 'outputs' to avoid re-running this script phase.\necho \"SUCCESS\" > \"${SCRIPT_OUTPUT_FILE_0}\"\n";
			showEnvVarsInLog = 0;
		};
		73ADBB9E01464EFC2ACDB0A7 /* [CP] Embed Pods Frameworks */ = {
			isa = PBXShellScriptBuildPhase;
			buildActionMask = 2147483647;
			files = (
			);
			inputFileListPaths = (
				"${PODS_ROOT}/Target Support Files/Pods-Firebase app-Firebase appUITests/Pods-Firebase app-Firebase appUITests-frameworks-${CONFIGURATION}-input-files.xcfilelist",
			);
			name = "[CP] Embed Pods Frameworks";
			outputFileListPaths = (
				"${PODS_ROOT}/Target Support Files/Pods-Firebase app-Firebase appUITests/Pods-Firebase app-Firebase appUITests-frameworks-${CONFIGURATION}-output-files.xcfilelist",
			);
			runOnlyForDeploymentPostprocessing = 0;
			shellPath = /bin/sh;
			shellScript = "\"${PODS_ROOT}/Target Support Files/Pods-Firebase app-Firebase appUITests/Pods-Firebase app-Firebase appUITests-frameworks.sh\"\n";
			showEnvVarsInLog = 0;
		};
		7CA3F8F7C74477558A12371C /* [CP] Embed Pods Frameworks */ = {
			isa = PBXShellScriptBuildPhase;
			buildActionMask = 2147483647;
			files = (
			);
			inputFileListPaths = (
				"${PODS_ROOT}/Target Support Files/Pods-Firebase app/Pods-Firebase app-frameworks-${CONFIGURATION}-input-files.xcfilelist",
			);
			name = "[CP] Embed Pods Frameworks";
			outputFileListPaths = (
				"${PODS_ROOT}/Target Support Files/Pods-Firebase app/Pods-Firebase app-frameworks-${CONFIGURATION}-output-files.xcfilelist",
			);
			runOnlyForDeploymentPostprocessing = 0;
			shellPath = /bin/sh;
			shellScript = "\"${PODS_ROOT}/Target Support Files/Pods-Firebase app/Pods-Firebase app-frameworks.sh\"\n";
			showEnvVarsInLog = 0;
		};
		A3A85C1D405A7F6558608496 /* [CP] Check Pods Manifest.lock */ = {
			isa = PBXShellScriptBuildPhase;
			buildActionMask = 2147483647;
			files = (
			);
			inputFileListPaths = (
			);
			inputPaths = (
				"${PODS_PODFILE_DIR_PATH}/Podfile.lock",
				"${PODS_ROOT}/Manifest.lock",
			);
			name = "[CP] Check Pods Manifest.lock";
			outputFileListPaths = (
			);
			outputPaths = (
				"$(DERIVED_FILE_DIR)/Pods-Firebase appTests-checkManifestLockResult.txt",
			);
			runOnlyForDeploymentPostprocessing = 0;
			shellPath = /bin/sh;
			shellScript = "diff \"${PODS_PODFILE_DIR_PATH}/Podfile.lock\" \"${PODS_ROOT}/Manifest.lock\" > /dev/null\nif [ $? != 0 ] ; then\n    # print error to STDERR\n    echo \"error: The sandbox is not in sync with the Podfile.lock. Run 'pod install' or update your CocoaPods installation.\" >&2\n    exit 1\nfi\n# This output is used by Xcode 'outputs' to avoid re-running this script phase.\necho \"SUCCESS\" > \"${SCRIPT_OUTPUT_FILE_0}\"\n";
			showEnvVarsInLog = 0;
		};
		F07E94B09F6030DD24EBCF93 /* [CP] Check Pods Manifest.lock */ = {
			isa = PBXShellScriptBuildPhase;
			buildActionMask = 2147483647;
			files = (
			);
			inputFileListPaths = (
			);
			inputPaths = (
				"${PODS_PODFILE_DIR_PATH}/Podfile.lock",
				"${PODS_ROOT}/Manifest.lock",
			);
			name = "[CP] Check Pods Manifest.lock";
			outputFileListPaths = (
			);
			outputPaths = (
				"$(DERIVED_FILE_DIR)/Pods-Firebase app-Firebase appUITests-checkManifestLockResult.txt",
			);
			runOnlyForDeploymentPostprocessing = 0;
			shellPath = /bin/sh;
			shellScript = "diff \"${PODS_PODFILE_DIR_PATH}/Podfile.lock\" \"${PODS_ROOT}/Manifest.lock\" > /dev/null\nif [ $? != 0 ] ; then\n    # print error to STDERR\n    echo \"error: The sandbox is not in sync with the Podfile.lock. Run 'pod install' or update your CocoaPods installation.\" >&2\n    exit 1\nfi\n# This output is used by Xcode 'outputs' to avoid re-running this script phase.\necho \"SUCCESS\" > \"${SCRIPT_OUTPUT_FILE_0}\"\n";
			showEnvVarsInLog = 0;
		};
/* End PBXShellScriptBuildPhase section */

/* Begin PBXSourcesBuildPhase section */
		980FDF83265E116900745BC9 /* Sources */ = {
			isa = PBXSourcesBuildPhase;
			buildActionMask = 2147483647;
			files = (
				98C936FC265E78F100D75968 /* ViewController.swift in Sources */,
				983326B32679D0F10012254F /* FloatingSecureField.swift in Sources */,
				98532C2226708A0100A1D16D /* ProfileView.swift in Sources */,
				98BDDFD3267750BE0051C762 /* AddNewNote.swift in Sources */,
				98C936FE265E849500D75968 /* OldCard.swift in Sources */,
				985BE1E1265E2063003D8CDE /* LabelledDivider.swift in Sources */,
				980FDF8B265E116900745BC9 /* AppDelegate.swift in Sources */,
				983326AF2679D0E70012254F /* Model.swift in Sources */,
				980FDF8D265E116900745BC9 /* SceneDelegate.swift in Sources */,
				980FDF8F265E116900745BC9 /* ContentView.swift in Sources */,
				98532C20267089ED00A1D16D /* CardView.swift in Sources */,
				98532C2426708A2A00A1D16D /* Source.swift in Sources */,
				983326AD2679D0DB0012254F /* ImagePicker.swift in Sources */,
				98885B4B265EA8C900D9BEF9 /* ViewModel.swift in Sources */,
				983326B22679D0F10012254F /* FloatingTextField.swift in Sources */,
			);
			runOnlyForDeploymentPostprocessing = 0;
		};
		980FDF99265E116E00745BC9 /* Sources */ = {
			isa = PBXSourcesBuildPhase;
			buildActionMask = 2147483647;
			files = (
				980FDFA2265E116E00745BC9 /* Firebase_appTests.swift in Sources */,
			);
			runOnlyForDeploymentPostprocessing = 0;
		};
		980FDFA4265E116E00745BC9 /* Sources */ = {
			isa = PBXSourcesBuildPhase;
			buildActionMask = 2147483647;
			files = (
				980FDFAD265E116E00745BC9 /* Firebase_appUITests.swift in Sources */,
			);
			runOnlyForDeploymentPostprocessing = 0;
		};
/* End PBXSourcesBuildPhase section */

/* Begin PBXTargetDependency section */
		980FDF9F265E116E00745BC9 /* PBXTargetDependency */ = {
			isa = PBXTargetDependency;
			target = 980FDF86265E116900745BC9 /* Firebase app */;
			targetProxy = 980FDF9E265E116E00745BC9 /* PBXContainerItemProxy */;
		};
		980FDFAA265E116E00745BC9 /* PBXTargetDependency */ = {
			isa = PBXTargetDependency;
			target = 980FDF86265E116900745BC9 /* Firebase app */;
			targetProxy = 980FDFA9265E116E00745BC9 /* PBXContainerItemProxy */;
		};
/* End PBXTargetDependency section */

/* Begin PBXVariantGroup section */
		980FDF95265E116E00745BC9 /* LaunchScreen.storyboard */ = {
			isa = PBXVariantGroup;
			children = (
				980FDF96265E116E00745BC9 /* Base */,
			);
			name = LaunchScreen.storyboard;
			sourceTree = "<group>";
		};
/* End PBXVariantGroup section */

/* Begin XCBuildConfiguration section */
		980FDFAF265E116E00745BC9 /* Debug */ = {
			isa = XCBuildConfiguration;
			buildSettings = {
				ALWAYS_SEARCH_USER_PATHS = NO;
				CLANG_ANALYZER_NONNULL = YES;
				CLANG_ANALYZER_NUMBER_OBJECT_CONVERSION = YES_AGGRESSIVE;
				CLANG_CXX_LANGUAGE_STANDARD = "gnu++14";
				CLANG_CXX_LIBRARY = "libc++";
				CLANG_ENABLE_MODULES = YES;
				CLANG_ENABLE_OBJC_ARC = YES;
				CLANG_ENABLE_OBJC_WEAK = YES;
				CLANG_WARN_BLOCK_CAPTURE_AUTORELEASING = YES;
				CLANG_WARN_BOOL_CONVERSION = YES;
				CLANG_WARN_COMMA = YES;
				CLANG_WARN_CONSTANT_CONVERSION = YES;
				CLANG_WARN_DEPRECATED_OBJC_IMPLEMENTATIONS = YES;
				CLANG_WARN_DIRECT_OBJC_ISA_USAGE = YES_ERROR;
				CLANG_WARN_DOCUMENTATION_COMMENTS = YES;
				CLANG_WARN_EMPTY_BODY = YES;
				CLANG_WARN_ENUM_CONVERSION = YES;
				CLANG_WARN_INFINITE_RECURSION = YES;
				CLANG_WARN_INT_CONVERSION = YES;
				CLANG_WARN_NON_LITERAL_NULL_CONVERSION = YES;
				CLANG_WARN_OBJC_IMPLICIT_RETAIN_SELF = YES;
				CLANG_WARN_OBJC_LITERAL_CONVERSION = YES;
				CLANG_WARN_OBJC_ROOT_CLASS = YES_ERROR;
				CLANG_WARN_QUOTED_INCLUDE_IN_FRAMEWORK_HEADER = YES;
				CLANG_WARN_RANGE_LOOP_ANALYSIS = YES;
				CLANG_WARN_STRICT_PROTOTYPES = YES;
				CLANG_WARN_SUSPICIOUS_MOVE = YES;
				CLANG_WARN_UNGUARDED_AVAILABILITY = YES_AGGRESSIVE;
				CLANG_WARN_UNREACHABLE_CODE = YES;
				CLANG_WARN__DUPLICATE_METHOD_MATCH = YES;
				COPY_PHASE_STRIP = NO;
				DEBUG_INFORMATION_FORMAT = dwarf;
				ENABLE_STRICT_OBJC_MSGSEND = YES;
				ENABLE_TESTABILITY = YES;
				GCC_C_LANGUAGE_STANDARD = gnu11;
				GCC_DYNAMIC_NO_PIC = NO;
				GCC_NO_COMMON_BLOCKS = YES;
				GCC_OPTIMIZATION_LEVEL = 0;
				GCC_PREPROCESSOR_DEFINITIONS = (
					"DEBUG=1",
					"$(inherited)",
				);
				GCC_WARN_64_TO_32_BIT_CONVERSION = YES;
				GCC_WARN_ABOUT_RETURN_TYPE = YES_ERROR;
				GCC_WARN_UNDECLARED_SELECTOR = YES;
				GCC_WARN_UNINITIALIZED_AUTOS = YES_AGGRESSIVE;
				GCC_WARN_UNUSED_FUNCTION = YES;
				GCC_WARN_UNUSED_VARIABLE = YES;
				IPHONEOS_DEPLOYMENT_TARGET = 14.5;
				MTL_ENABLE_DEBUG_INFO = INCLUDE_SOURCE;
				MTL_FAST_MATH = YES;
				ONLY_ACTIVE_ARCH = YES;
				SDKROOT = iphoneos;
				SWIFT_ACTIVE_COMPILATION_CONDITIONS = DEBUG;
				SWIFT_OPTIMIZATION_LEVEL = "-Onone";
			};
			name = Debug;
		};
		980FDFB0265E116E00745BC9 /* Release */ = {
			isa = XCBuildConfiguration;
			buildSettings = {
				ALWAYS_SEARCH_USER_PATHS = NO;
				CLANG_ANALYZER_NONNULL = YES;
				CLANG_ANALYZER_NUMBER_OBJECT_CONVERSION = YES_AGGRESSIVE;
				CLANG_CXX_LANGUAGE_STANDARD = "gnu++14";
				CLANG_CXX_LIBRARY = "libc++";
				CLANG_ENABLE_MODULES = YES;
				CLANG_ENABLE_OBJC_ARC = YES;
				CLANG_ENABLE_OBJC_WEAK = YES;
				CLANG_WARN_BLOCK_CAPTURE_AUTORELEASING = YES;
				CLANG_WARN_BOOL_CONVERSION = YES;
				CLANG_WARN_COMMA = YES;
				CLANG_WARN_CONSTANT_CONVERSION = YES;
				CLANG_WARN_DEPRECATED_OBJC_IMPLEMENTATIONS = YES;
				CLANG_WARN_DIRECT_OBJC_ISA_USAGE = YES_ERROR;
				CLANG_WARN_DOCUMENTATION_COMMENTS = YES;
				CLANG_WARN_EMPTY_BODY = YES;
				CLANG_WARN_ENUM_CONVERSION = YES;
				CLANG_WARN_INFINITE_RECURSION = YES;
				CLANG_WARN_INT_CONVERSION = YES;
				CLANG_WARN_NON_LITERAL_NULL_CONVERSION = YES;
				CLANG_WARN_OBJC_IMPLICIT_RETAIN_SELF = YES;
				CLANG_WARN_OBJC_LITERAL_CONVERSION = YES;
				CLANG_WARN_OBJC_ROOT_CLASS = YES_ERROR;
				CLANG_WARN_QUOTED_INCLUDE_IN_FRAMEWORK_HEADER = YES;
				CLANG_WARN_RANGE_LOOP_ANALYSIS = YES;
				CLANG_WARN_STRICT_PROTOTYPES = YES;
				CLANG_WARN_SUSPICIOUS_MOVE = YES;
				CLANG_WARN_UNGUARDED_AVAILABILITY = YES_AGGRESSIVE;
				CLANG_WARN_UNREACHABLE_CODE = YES;
				CLANG_WARN__DUPLICATE_METHOD_MATCH = YES;
				COPY_PHASE_STRIP = NO;
				DEBUG_INFORMATION_FORMAT = "dwarf-with-dsym";
				ENABLE_NS_ASSERTIONS = NO;
				ENABLE_STRICT_OBJC_MSGSEND = YES;
				GCC_C_LANGUAGE_STANDARD = gnu11;
				GCC_NO_COMMON_BLOCKS = YES;
				GCC_WARN_64_TO_32_BIT_CONVERSION = YES;
				GCC_WARN_ABOUT_RETURN_TYPE = YES_ERROR;
				GCC_WARN_UNDECLARED_SELECTOR = YES;
				GCC_WARN_UNINITIALIZED_AUTOS = YES_AGGRESSIVE;
				GCC_WARN_UNUSED_FUNCTION = YES;
				GCC_WARN_UNUSED_VARIABLE = YES;
				IPHONEOS_DEPLOYMENT_TARGET = 14.5;
				MTL_ENABLE_DEBUG_INFO = NO;
				MTL_FAST_MATH = YES;
				SDKROOT = iphoneos;
				SWIFT_COMPILATION_MODE = wholemodule;
				SWIFT_OPTIMIZATION_LEVEL = "-O";
				VALIDATE_PRODUCT = YES;
			};
			name = Release;
		};
		980FDFB2265E116E00745BC9 /* Debug */ = {
			isa = XCBuildConfiguration;
			baseConfigurationReference = 33266A58779564A570F0ECAA /* Pods-Firebase app.debug.xcconfig */;
			buildSettings = {
				ASSETCATALOG_COMPILER_APPICON_NAME = AppIcon;
				ASSETCATALOG_COMPILER_GLOBAL_ACCENT_COLOR_NAME = AccentColor;
				CODE_SIGN_STYLE = Automatic;
				DEVELOPMENT_ASSET_PATHS = "\"Firebase app/Preview Content\"";
				ENABLE_PREVIEWS = YES;
				INFOPLIST_FILE = "Firebase app/Info.plist";
				LD_RUNPATH_SEARCH_PATHS = (
					"$(inherited)",
					"@executable_path/Frameworks",
				);
				PRODUCT_BUNDLE_IDENTIFIER = "ntut.edu.107590017.Firebase-app";
				PRODUCT_NAME = "$(TARGET_NAME)";
				SWIFT_VERSION = 5.0;
				TARGETED_DEVICE_FAMILY = "1,2";
			};
			name = Debug;
		};
		980FDFB3265E116E00745BC9 /* Release */ = {
			isa = XCBuildConfiguration;
			baseConfigurationReference = 7946BB02DBC34DEAC598F822 /* Pods-Firebase app.release.xcconfig */;
			buildSettings = {
				ASSETCATALOG_COMPILER_APPICON_NAME = AppIcon;
				ASSETCATALOG_COMPILER_GLOBAL_ACCENT_COLOR_NAME = AccentColor;
				CODE_SIGN_STYLE = Automatic;
				DEVELOPMENT_ASSET_PATHS = "\"Firebase app/Preview Content\"";
				ENABLE_PREVIEWS = YES;
				INFOPLIST_FILE = "Firebase app/Info.plist";
				LD_RUNPATH_SEARCH_PATHS = (
					"$(inherited)",
					"@executable_path/Frameworks",
				);
				PRODUCT_BUNDLE_IDENTIFIER = "ntut.edu.107590017.Firebase-app";
				PRODUCT_NAME = "$(TARGET_NAME)";
				SWIFT_VERSION = 5.0;
				TARGETED_DEVICE_FAMILY = "1,2";
			};
			name = Release;
		};
		980FDFB5265E116E00745BC9 /* Debug */ = {
			isa = XCBuildConfiguration;
			baseConfigurationReference = 58104A3024D3C521CC761CB1 /* Pods-Firebase appTests.debug.xcconfig */;
			buildSettings = {
				ALWAYS_EMBED_SWIFT_STANDARD_LIBRARIES = YES;
				BUNDLE_LOADER = "$(TEST_HOST)";
				CODE_SIGN_STYLE = Automatic;
				INFOPLIST_FILE = "Firebase appTests/Info.plist";
				IPHONEOS_DEPLOYMENT_TARGET = 14.5;
				LD_RUNPATH_SEARCH_PATHS = (
					"$(inherited)",
					"@executable_path/Frameworks",
					"@loader_path/Frameworks",
				);
				PRODUCT_BUNDLE_IDENTIFIER = "ntut.edu.107590017.Firebase-appTests";
				PRODUCT_NAME = "$(TARGET_NAME)";
				SWIFT_VERSION = 5.0;
				TARGETED_DEVICE_FAMILY = "1,2";
				TEST_HOST = "$(BUILT_PRODUCTS_DIR)/Firebase app.app/Firebase app";
			};
			name = Debug;
		};
		980FDFB6265E116E00745BC9 /* Release */ = {
			isa = XCBuildConfiguration;
			baseConfigurationReference = 6660541819983172D221F52F /* Pods-Firebase appTests.release.xcconfig */;
			buildSettings = {
				ALWAYS_EMBED_SWIFT_STANDARD_LIBRARIES = YES;
				BUNDLE_LOADER = "$(TEST_HOST)";
				CODE_SIGN_STYLE = Automatic;
				INFOPLIST_FILE = "Firebase appTests/Info.plist";
				IPHONEOS_DEPLOYMENT_TARGET = 14.5;
				LD_RUNPATH_SEARCH_PATHS = (
					"$(inherited)",
					"@executable_path/Frameworks",
					"@loader_path/Frameworks",
				);
				PRODUCT_BUNDLE_IDENTIFIER = "ntut.edu.107590017.Firebase-appTests";
				PRODUCT_NAME = "$(TARGET_NAME)";
				SWIFT_VERSION = 5.0;
				TARGETED_DEVICE_FAMILY = "1,2";
				TEST_HOST = "$(BUILT_PRODUCTS_DIR)/Firebase app.app/Firebase app";
			};
			name = Release;
		};
		980FDFB8265E116E00745BC9 /* Debug */ = {
			isa = XCBuildConfiguration;
			baseConfigurationReference = 4D7DBE062BDB945596BB146F /* Pods-Firebase app-Firebase appUITests.debug.xcconfig */;
			buildSettings = {
				ALWAYS_EMBED_SWIFT_STANDARD_LIBRARIES = YES;
				CODE_SIGN_STYLE = Automatic;
				INFOPLIST_FILE = "Firebase appUITests/Info.plist";
				LD_RUNPATH_SEARCH_PATHS = (
					"$(inherited)",
					"@executable_path/Frameworks",
					"@loader_path/Frameworks",
				);
				PRODUCT_BUNDLE_IDENTIFIER = "ntut.edu.107590017.Firebase-appUITests";
				PRODUCT_NAME = "$(TARGET_NAME)";
				SWIFT_VERSION = 5.0;
				TARGETED_DEVICE_FAMILY = "1,2";
				TEST_TARGET_NAME = "Firebase app";
			};
			name = Debug;
		};
		980FDFB9265E116E00745BC9 /* Release */ = {
			isa = XCBuildConfiguration;
			baseConfigurationReference = 1EF0650FDA28051A6CCDA3D8 /* Pods-Firebase app-Firebase appUITests.release.xcconfig */;
			buildSettings = {
				ALWAYS_EMBED_SWIFT_STANDARD_LIBRARIES = YES;
				CODE_SIGN_STYLE = Automatic;
				INFOPLIST_FILE = "Firebase appUITests/Info.plist";
				LD_RUNPATH_SEARCH_PATHS = (
					"$(inherited)",
					"@executable_path/Frameworks",
					"@loader_path/Frameworks",
				);
				PRODUCT_BUNDLE_IDENTIFIER = "ntut.edu.107590017.Firebase-appUITests";
				PRODUCT_NAME = "$(TARGET_NAME)";
				SWIFT_VERSION = 5.0;
				TARGETED_DEVICE_FAMILY = "1,2";
				TEST_TARGET_NAME = "Firebase app";
			};
			name = Release;
		};
/* End XCBuildConfiguration section */

/* Begin XCConfigurationList section */
		980FDF82265E116900745BC9 /* Build configuration list for PBXProject "Firebase app" */ = {
			isa = XCConfigurationList;
			buildConfigurations = (
				980FDFAF265E116E00745BC9 /* Debug */,
				980FDFB0265E116E00745BC9 /* Release */,
			);
			defaultConfigurationIsVisible = 0;
			defaultConfigurationName = Release;
		};
		980FDFB1265E116E00745BC9 /* Build configuration list for PBXNativeTarget "Firebase app" */ = {
			isa = XCConfigurationList;
			buildConfigurations = (
				980FDFB2265E116E00745BC9 /* Debug */,
				980FDFB3265E116E00745BC9 /* Release */,
			);
			defaultConfigurationIsVisible = 0;
			defaultConfigurationName = Release;
		};
		980FDFB4265E116E00745BC9 /* Build configuration list for PBXNativeTarget "Firebase appTests" */ = {
			isa = XCConfigurationList;
			buildConfigurations = (
				980FDFB5265E116E00745BC9 /* Debug */,
				980FDFB6265E116E00745BC9 /* Release */,
			);
			defaultConfigurationIsVisible = 0;
			defaultConfigurationName = Release;
		};
		980FDFB7265E116E00745BC9 /* Build configuration list for PBXNativeTarget "Firebase appUITests" */ = {
			isa = XCConfigurationList;
			buildConfigurations = (
				980FDFB8265E116E00745BC9 /* Debug */,
				980FDFB9265E116E00745BC9 /* Release */,
			);
			defaultConfigurationIsVisible = 0;
			defaultConfigurationName = Release;
		};
/* End XCConfigurationList section */
	};
	rootObject = 980FDF7F265E116900745BC9 /* Project object */;
}
